
Microsoft Visual Studio Solution File, Format Version 12.00
# Visual Studio 2012
Project("{2150E333-8FDC-42A3-9474-1A3956D46DE8}") = "Targets", "Targets", "{32C78561-51A4-471C-8D23-404A0DBCFE49}"
EndProject
Project("{FAE04EC0-301F-11D3-BF4B-00C04F79EFBC}") = "Awesome.Phone", "..\Awesome.Phone\Awesome.Phone\Awesome.Phone.csproj", "{48F8AA30-78AD-4B12-93D5-5DCC3185638E}"
EndProject
Project("{FAE04EC0-301F-11D3-BF4B-00C04F79EFBC}") = "Awesome.Droid", "..\Awesome.Droid\Awesome.Droid.csproj", "{DEB26AD7-79F3-4F78-B7E9-B264EBABDC6E}"
EndProject
Project("{FAE04EC0-301F-11D3-BF4B-00C04F79EFBC}") = "Awesome.Touch", "..\Awesome.Touch\Awesome.Touch.csproj", "{49D2DE2B-2C03-4E07-AA52-4DAE7A643D4B}"
EndProject
Project("{FAE04EC0-301F-11D3-BF4B-00C04F79EFBC}") = "Awesome.Touch.Watch", "..\Awesome.Touch.Watch\Awesome.Touch.Watch.csproj", "{C490FBBA-7860-4F3F-AA3B-105A36C027BB}"
EndProject
Project("{FAE04EC0-301F-11D3-BF4B-00C04F79EFBC}") = "Awesome.Droid.Wear", "..\Awesome.Droid.Wear\Awesome.Droid.Wear.csproj", "{003ADA92-2890-435F-9858-A6AC6B19AC3E}"
EndProject
Project("{FAE04EC0-301F-11D3-BF4B-00C04F79EFBC}") = "Awesome.Touch.Today", "..\Awesome.Touch.Today\Awesome.Touch.Today.csproj", "{5204F759-0ADA-4468-82BE-BBB2D32C8030}"
EndProject
Project("{2150E333-8FDC-42A3-9474-1A3956D46DE8}") = "Awesome.Core", "Awesome.Core", "{C825AF70-DA33-4128-A8AB-E80D5B2A7B17}"
EndProject
Project("{FAE04EC0-301F-11D3-BF4B-00C04F79EFBC}") = "Awesome.Common", "..\Awesome.Common\Awesome.Common.csproj", "{01212D8B-476C-42A5-A283-90691FDF7943}"
EndProject
Project("{FAE04EC0-301F-11D3-BF4B-00C04F79EFBC}") = "Awesome.Core", "..\Awesome.Core\Awesome.Core.csproj", "{D7DF448D-8242-4389-A99A-D35C17849D52}"
EndProject
Project("{2150E333-8FDC-42A3-9474-1A3956D46DE8}") = "Awesome.Plugins", "Awesome.Plugins", "{76DFE901-A1C6-43FA-B1C6-82631DE6BC47}"
EndProject
Project("{FAE04EC0-301F-11D3-BF4B-00C04F79EFBC}") = "Awesome.Plugins.PlatformPlugin", "..\Awesome.Plugins.PlatformPlugin\Awesome.Plugins.PlatformPlugin.csproj", "{B73021AD-BF8A-4370-AA56-D514805ED165}"
EndProject
Project("{FAE04EC0-301F-11D3-BF4B-00C04F79EFBC}") = "Awesome.Plugins.PlatformPlugin.Phone", "..\Awesome.Plugins.PlatformPlugin.Phone\Awesome.Plugins.PlatformPlugin.Phone.csproj", "{AAF8E062-DD79-40D4-86E2-A3D1D522BAB3}"
EndProject
Project("{FAE04EC0-301F-11D3-BF4B-00C04F79EFBC}") = "Awesome.Plugins.PlatformPlugin.Droid", "..\Awesome.Plugins.PlatformPlugin.Droid\Awesome.Plugins.PlatformPlugin.Droid.csproj", "{E117C3C9-C88D-4477-8DCB-D91DB6A02904}"
EndProject
Project("{FAE04EC0-301F-11D3-BF4B-00C04F79EFBC}") = "Awesome.Plugins.PlatformPlugin.Touch", "..\Awesome.Plugins.PlatformPlugin.Touch\Awesome.Plugins.PlatformPlugin.Touch.csproj", "{5F8AF602-6D82-4B7D-BFDE-212B88902A20}"
EndProject
Global
	GlobalSection(SolutionConfigurationPlatforms) = preSolution
		Debug|x86 = Debug|x86
		Release|x86 = Release|x86
		Debug|iPhoneSimulator = Debug|iPhoneSimulator
		Release|iPhoneSimulator = Release|iPhoneSimulator
		Debug|iPhone = Debug|iPhone
		Release|iPhone = Release|iPhone
		Ad-Hoc|iPhone = Ad-Hoc|iPhone
		AppStore|iPhone = AppStore|iPhone
	EndGlobalSection
	GlobalSection(ProjectConfigurationPlatforms) = postSolution
		{003ADA92-2890-435F-9858-A6AC6B19AC3E}.Ad-Hoc|iPhone.ActiveCfg = Debug|Any CPU
		{003ADA92-2890-435F-9858-A6AC6B19AC3E}.Ad-Hoc|iPhone.Build.0 = Debug|Any CPU
		{003ADA92-2890-435F-9858-A6AC6B19AC3E}.AppStore|iPhone.ActiveCfg = Debug|Any CPU
		{003ADA92-2890-435F-9858-A6AC6B19AC3E}.AppStore|iPhone.Build.0 = Debug|Any CPU
		{003ADA92-2890-435F-9858-A6AC6B19AC3E}.Debug|iPhone.ActiveCfg = Debug|Any CPU
		{003ADA92-2890-435F-9858-A6AC6B19AC3E}.Debug|iPhone.Build.0 = Debug|Any CPU
		{003ADA92-2890-435F-9858-A6AC6B19AC3E}.Debug|iPhoneSimulator.ActiveCfg = Debug|Any CPU
		{003ADA92-2890-435F-9858-A6AC6B19AC3E}.Debug|iPhoneSimulator.Build.0 = Debug|Any CPU
		{003ADA92-2890-435F-9858-A6AC6B19AC3E}.Debug|x86.ActiveCfg = Debug|Any CPU
		{003ADA92-2890-435F-9858-A6AC6B19AC3E}.Debug|x86.Build.0 = Debug|Any CPU
		{003ADA92-2890-435F-9858-A6AC6B19AC3E}.Release|iPhone.ActiveCfg = Release|Any CPU
		{003ADA92-2890-435F-9858-A6AC6B19AC3E}.Release|iPhone.Build.0 = Release|Any CPU
		{003ADA92-2890-435F-9858-A6AC6B19AC3E}.Release|iPhoneSimulator.ActiveCfg = Release|Any CPU
		{003ADA92-2890-435F-9858-A6AC6B19AC3E}.Release|iPhoneSimulator.Build.0 = Release|Any CPU
		{003ADA92-2890-435F-9858-A6AC6B19AC3E}.Release|x86.ActiveCfg = Release|Any CPU
		{003ADA92-2890-435F-9858-A6AC6B19AC3E}.Release|x86.Build.0 = Release|Any CPU
		{01212D8B-476C-42A5-A283-90691FDF7943}.Ad-Hoc|iPhone.ActiveCfg = Debug|Any CPU
		{01212D8B-476C-42A5-A283-90691FDF7943}.Ad-Hoc|iPhone.Build.0 = Debug|Any CPU
		{01212D8B-476C-42A5-A283-90691FDF7943}.AppStore|iPhone.ActiveCfg = Debug|Any CPU
		{01212D8B-476C-42A5-A283-90691FDF7943}.AppStore|iPhone.Build.0 = Debug|Any CPU
		{01212D8B-476C-42A5-A283-90691FDF7943}.Debug|iPhone.ActiveCfg = Debug|Any CPU
		{01212D8B-476C-42A5-A283-90691FDF7943}.Debug|iPhone.Build.0 = Debug|Any CPU
		{01212D8B-476C-42A5-A283-90691FDF7943}.Debug|iPhoneSimulator.ActiveCfg = Debug|Any CPU
		{01212D8B-476C-42A5-A283-90691FDF7943}.Debug|iPhoneSimulator.Build.0 = Debug|Any CPU
		{01212D8B-476C-42A5-A283-90691FDF7943}.Debug|x86.ActiveCfg = Debug|Any CPU
		{01212D8B-476C-42A5-A283-90691FDF7943}.Debug|x86.Build.0 = Debug|Any CPU
		{01212D8B-476C-42A5-A283-90691FDF7943}.Release|iPhone.ActiveCfg = Release|Any CPU
		{01212D8B-476C-42A5-A283-90691FDF7943}.Release|iPhone.Build.0 = Release|Any CPU
		{01212D8B-476C-42A5-A283-90691FDF7943}.Release|iPhoneSimulator.ActiveCfg = Release|Any CPU
		{01212D8B-476C-42A5-A283-90691FDF7943}.Release|iPhoneSimulator.Build.0 = Release|Any CPU
		{01212D8B-476C-42A5-A283-90691FDF7943}.Release|x86.ActiveCfg = Release|Any CPU
		{01212D8B-476C-42A5-A283-90691FDF7943}.Release|x86.Build.0 = Release|Any CPU
		{48F8AA30-78AD-4B12-93D5-5DCC3185638E}.Ad-Hoc|iPhone.ActiveCfg = Debug|Any CPU
		{48F8AA30-78AD-4B12-93D5-5DCC3185638E}.Ad-Hoc|iPhone.Build.0 = Debug|Any CPU
		{48F8AA30-78AD-4B12-93D5-5DCC3185638E}.AppStore|iPhone.ActiveCfg = Debug|Any CPU
		{48F8AA30-78AD-4B12-93D5-5DCC3185638E}.AppStore|iPhone.Build.0 = Debug|Any CPU
		{48F8AA30-78AD-4B12-93D5-5DCC3185638E}.Debug|iPhone.ActiveCfg = Debug|Any CPU
		{48F8AA30-78AD-4B12-93D5-5DCC3185638E}.Debug|iPhone.Build.0 = Debug|Any CPU
		{48F8AA30-78AD-4B12-93D5-5DCC3185638E}.Debug|iPhoneSimulator.ActiveCfg = Debug|Any CPU
		{48F8AA30-78AD-4B12-93D5-5DCC3185638E}.Debug|iPhoneSimulator.Build.0 = Debug|Any CPU
		{48F8AA30-78AD-4B12-93D5-5DCC3185638E}.Debug|x86.ActiveCfg = Debug|x86
		{48F8AA30-78AD-4B12-93D5-5DCC3185638E}.Debug|x86.Build.0 = Debug|x86
		{48F8AA30-78AD-4B12-93D5-5DCC3185638E}.Release|iPhone.ActiveCfg = Release|Any CPU
		{48F8AA30-78AD-4B12-93D5-5DCC3185638E}.Release|iPhone.Build.0 = Release|Any CPU
		{48F8AA30-78AD-4B12-93D5-5DCC3185638E}.Release|iPhoneSimulator.ActiveCfg = Release|Any CPU
		{48F8AA30-78AD-4B12-93D5-5DCC3185638E}.Release|iPhoneSimulator.Build.0 = Release|Any CPU
		{48F8AA30-78AD-4B12-93D5-5DCC3185638E}.Release|x86.ActiveCfg = Release|x86
		{48F8AA30-78AD-4B12-93D5-5DCC3185638E}.Release|x86.Build.0 = Release|x86
		{49D2DE2B-2C03-4E07-AA52-4DAE7A643D4B}.Ad-Hoc|iPhone.ActiveCfg = Ad-Hoc|iPhone
		{49D2DE2B-2C03-4E07-AA52-4DAE7A643D4B}.Ad-Hoc|iPhone.Build.0 = Ad-Hoc|iPhone
		{49D2DE2B-2C03-4E07-AA52-4DAE7A643D4B}.AppStore|iPhone.ActiveCfg = AppStore|iPhone
		{49D2DE2B-2C03-4E07-AA52-4DAE7A643D4B}.AppStore|iPhone.Build.0 = AppStore|iPhone
		{49D2DE2B-2C03-4E07-AA52-4DAE7A643D4B}.Debug|iPhone.ActiveCfg = Debug|iPhone
		{49D2DE2B-2C03-4E07-AA52-4DAE7A643D4B}.Debug|iPhone.Build.0 = Debug|iPhone
		{49D2DE2B-2C03-4E07-AA52-4DAE7A643D4B}.Debug|iPhoneSimulator.ActiveCfg = Debug|iPhoneSimulator
		{49D2DE2B-2C03-4E07-AA52-4DAE7A643D4B}.Debug|iPhoneSimulator.Build.0 = Debug|iPhoneSimulator
		{49D2DE2B-2C03-4E07-AA52-4DAE7A643D4B}.Debug|x86.ActiveCfg = Debug|iPhoneSimulator
		{49D2DE2B-2C03-4E07-AA52-4DAE7A643D4B}.Debug|x86.Build.0 = Debug|iPhoneSimulator
		{49D2DE2B-2C03-4E07-AA52-4DAE7A643D4B}.Release|iPhone.ActiveCfg = Release|iPhone
		{49D2DE2B-2C03-4E07-AA52-4DAE7A643D4B}.Release|iPhone.Build.0 = Release|iPhone
		{49D2DE2B-2C03-4E07-AA52-4DAE7A643D4B}.Release|iPhoneSimulator.ActiveCfg = Release|iPhoneSimulator
		{49D2DE2B-2C03-4E07-AA52-4DAE7A643D4B}.Release|iPhoneSimulator.Build.0 = Release|iPhoneSimulator
		{49D2DE2B-2C03-4E07-AA52-4DAE7A643D4B}.Release|x86.ActiveCfg = Release|iPhoneSimulator
		{49D2DE2B-2C03-4E07-AA52-4DAE7A643D4B}.Release|x86.Build.0 = Release|iPhoneSimulator
		{5204F759-0ADA-4468-82BE-BBB2D32C8030}.Ad-Hoc|iPhone.ActiveCfg = Ad-Hoc|iPhone
		{5204F759-0ADA-4468-82BE-BBB2D32C8030}.Ad-Hoc|iPhone.Build.0 = Ad-Hoc|iPhone
		{5204F759-0ADA-4468-82BE-BBB2D32C8030}.AppStore|iPhone.ActiveCfg = AppStore|iPhone
		{5204F759-0ADA-4468-82BE-BBB2D32C8030}.AppStore|iPhone.Build.0 = AppStore|iPhone
		{5204F759-0ADA-4468-82BE-BBB2D32C8030}.Debug|iPhone.ActiveCfg = Debug|iPhone
		{5204F759-0ADA-4468-82BE-BBB2D32C8030}.Debug|iPhone.Build.0 = Debug|iPhone
		{5204F759-0ADA-4468-82BE-BBB2D32C8030}.Debug|iPhoneSimulator.ActiveCfg = Debug|iPhoneSimulator
		{5204F759-0ADA-4468-82BE-BBB2D32C8030}.Debug|iPhoneSimulator.Build.0 = Debug|iPhoneSimulator
		{5204F759-0ADA-4468-82BE-BBB2D32C8030}.Debug|x86.ActiveCfg = Debug|iPhoneSimulator
		{5204F759-0ADA-4468-82BE-BBB2D32C8030}.Debug|x86.Build.0 = Debug|iPhoneSimulator
		{5204F759-0ADA-4468-82BE-BBB2D32C8030}.Release|iPhone.ActiveCfg = Release|iPhone
		{5204F759-0ADA-4468-82BE-BBB2D32C8030}.Release|iPhone.Build.0 = Release|iPhone
		{5204F759-0ADA-4468-82BE-BBB2D32C8030}.Release|iPhoneSimulator.ActiveCfg = Release|iPhoneSimulator
		{5204F759-0ADA-4468-82BE-BBB2D32C8030}.Release|iPhoneSimulator.Build.0 = Release|iPhoneSimulator
		{5204F759-0ADA-4468-82BE-BBB2D32C8030}.Release|x86.ActiveCfg = Release|iPhoneSimulator
		{5204F759-0ADA-4468-82BE-BBB2D32C8030}.Release|x86.Build.0 = Release|iPhoneSimulator
		{5F8AF602-6D82-4B7D-BFDE-212B88902A20}.Ad-Hoc|iPhone.ActiveCfg = Debug|Any CPU
		{5F8AF602-6D82-4B7D-BFDE-212B88902A20}.Ad-Hoc|iPhone.Build.0 = Debug|Any CPU
		{5F8AF602-6D82-4B7D-BFDE-212B88902A20}.AppStore|iPhone.ActiveCfg = Debug|Any CPU
		{5F8AF602-6D82-4B7D-BFDE-212B88902A20}.AppStore|iPhone.Build.0 = Debug|Any CPU
		{5F8AF602-6D82-4B7D-BFDE-212B88902A20}.Debug|iPhone.ActiveCfg = Debug|Any CPU
		{5F8AF602-6D82-4B7D-BFDE-212B88902A20}.Debug|iPhone.Build.0 = Debug|Any CPU
		{5F8AF602-6D82-4B7D-BFDE-212B88902A20}.Debug|iPhoneSimulator.ActiveCfg = Debug|Any CPU
		{5F8AF602-6D82-4B7D-BFDE-212B88902A20}.Debug|iPhoneSimulator.Build.0 = Debug|Any CPU
		{5F8AF602-6D82-4B7D-BFDE-212B88902A20}.Debug|x86.ActiveCfg = Debug|Any CPU
		{5F8AF602-6D82-4B7D-BFDE-212B88902A20}.Debug|x86.Build.0 = Debug|Any CPU
		{5F8AF602-6D82-4B7D-BFDE-212B88902A20}.Release|iPhone.ActiveCfg = Release|Any CPU
		{5F8AF602-6D82-4B7D-BFDE-212B88902A20}.Release|iPhone.Build.0 = Release|Any CPU
		{5F8AF602-6D82-4B7D-BFDE-212B88902A20}.Release|iPhoneSimulator.ActiveCfg = Release|Any CPU
		{5F8AF602-6D82-4B7D-BFDE-212B88902A20}.Release|iPhoneSimulator.Build.0 = Release|Any CPU
		{5F8AF602-6D82-4B7D-BFDE-212B88902A20}.Release|x86.ActiveCfg = Release|Any CPU
		{5F8AF602-6D82-4B7D-BFDE-212B88902A20}.Release|x86.Build.0 = Release|Any CPU
		{AAF8E062-DD79-40D4-86E2-A3D1D522BAB3}.Ad-Hoc|iPhone.ActiveCfg = Debug|Any CPU
		{AAF8E062-DD79-40D4-86E2-A3D1D522BAB3}.Ad-Hoc|iPhone.Build.0 = Debug|Any CPU
		{AAF8E062-DD79-40D4-86E2-A3D1D522BAB3}.AppStore|iPhone.ActiveCfg = Debug|Any CPU
		{AAF8E062-DD79-40D4-86E2-A3D1D522BAB3}.AppStore|iPhone.Build.0 = Debug|Any CPU
		{AAF8E062-DD79-40D4-86E2-A3D1D522BAB3}.Debug|iPhone.ActiveCfg = Debug|Any CPU
		{AAF8E062-DD79-40D4-86E2-A3D1D522BAB3}.Debug|iPhone.Build.0 = Debug|Any CPU
		{AAF8E062-DD79-40D4-86E2-A3D1D522BAB3}.Debug|iPhoneSimulator.ActiveCfg = Debug|Any CPU
		{AAF8E062-DD79-40D4-86E2-A3D1D522BAB3}.Debug|iPhoneSimulator.Build.0 = Debug|Any CPU
		{AAF8E062-DD79-40D4-86E2-A3D1D522BAB3}.Debug|x86.ActiveCfg = Debug|x86
		{AAF8E062-DD79-40D4-86E2-A3D1D522BAB3}.Debug|x86.Build.0 = Debug|x86
		{AAF8E062-DD79-40D4-86E2-A3D1D522BAB3}.Release|iPhone.ActiveCfg = Release|Any CPU
		{AAF8E062-DD79-40D4-86E2-A3D1D522BAB3}.Release|iPhone.Build.0 = Release|Any CPU
		{AAF8E062-DD79-40D4-86E2-A3D1D522BAB3}.Release|iPhoneSimulator.ActiveCfg = Release|Any CPU
		{AAF8E062-DD79-40D4-86E2-A3D1D522BAB3}.Release|iPhoneSimulator.Build.0 = Release|Any CPU
		{AAF8E062-DD79-40D4-86E2-A3D1D522BAB3}.Release|x86.ActiveCfg = Release|x86
		{AAF8E062-DD79-40D4-86E2-A3D1D522BAB3}.Release|x86.Build.0 = Release|x86
		{B73021AD-BF8A-4370-AA56-D514805ED165}.Ad-Hoc|iPhone.ActiveCfg = Debug|Any CPU
		{B73021AD-BF8A-4370-AA56-D514805ED165}.Ad-Hoc|iPhone.Build.0 = Debug|Any CPU
		{B73021AD-BF8A-4370-AA56-D514805ED165}.AppStore|iPhone.ActiveCfg = Debug|Any CPU
		{B73021AD-BF8A-4370-AA56-D514805ED165}.AppStore|iPhone.Build.0 = Debug|Any CPU
		{B73021AD-BF8A-4370-AA56-D514805ED165}.Debug|iPhone.ActiveCfg = Debug|Any CPU
		{B73021AD-BF8A-4370-AA56-D514805ED165}.Debug|iPhone.Build.0 = Debug|Any CPU
		{B73021AD-BF8A-4370-AA56-D514805ED165}.Debug|iPhoneSimulator.ActiveCfg = Debug|Any CPU
		{B73021AD-BF8A-4370-AA56-D514805ED165}.Debug|iPhoneSimulator.Build.0 = Debug|Any CPU
		{B73021AD-BF8A-4370-AA56-D514805ED165}.Debug|x86.ActiveCfg = Debug|Any CPU
		{B73021AD-BF8A-4370-AA56-D514805ED165}.Debug|x86.Build.0 = Debug|Any CPU
		{B73021AD-BF8A-4370-AA56-D514805ED165}.Release|iPhone.ActiveCfg = Release|Any CPU
		{B73021AD-BF8A-4370-AA56-D514805ED165}.Release|iPhone.Build.0 = Release|Any CPU
		{B73021AD-BF8A-4370-AA56-D514805ED165}.Release|iPhoneSimulator.ActiveCfg = Release|Any CPU
		{B73021AD-BF8A-4370-AA56-D514805ED165}.Release|iPhoneSimulator.Build.0 = Release|Any CPU
		{B73021AD-BF8A-4370-AA56-D514805ED165}.Release|x86.ActiveCfg = Release|Any CPU
		{B73021AD-BF8A-4370-AA56-D514805ED165}.Release|x86.Build.0 = Release|Any CPU
		{C490FBBA-7860-4F3F-AA3B-105A36C027BB}.Ad-Hoc|iPhone.ActiveCfg = Ad-Hoc|iPhone
		{C490FBBA-7860-4F3F-AA3B-105A36C027BB}.Ad-Hoc|iPhone.Build.0 = Ad-Hoc|iPhone
		{C490FBBA-7860-4F3F-AA3B-105A36C027BB}.AppStore|iPhone.ActiveCfg = AppStore|iPhone
		{C490FBBA-7860-4F3F-AA3B-105A36C027BB}.AppStore|iPhone.Build.0 = AppStore|iPhone
		{C490FBBA-7860-4F3F-AA3B-105A36C027BB}.Debug|iPhone.ActiveCfg = Debug|iPhone
		{C490FBBA-7860-4F3F-AA3B-105A36C027BB}.Debug|iPhone.Build.0 = Debug|iPhone
		{C490FBBA-7860-4F3F-AA3B-105A36C027BB}.Debug|iPhoneSimulator.ActiveCfg = Debug|iPhoneSimulator
		{C490FBBA-7860-4F3F-AA3B-105A36C027BB}.Debug|iPhoneSimulator.Build.0 = Debug|iPhoneSimulator
		{C490FBBA-7860-4F3F-AA3B-105A36C027BB}.Debug|x86.ActiveCfg = Debug|iPhoneSimulator
		{C490FBBA-7860-4F3F-AA3B-105A36C027BB}.Debug|x86.Build.0 = Debug|iPhoneSimulator
		{C490FBBA-7860-4F3F-AA3B-105A36C027BB}.Release|iPhone.ActiveCfg = Release|iPhone
		{C490FBBA-7860-4F3F-AA3B-105A36C027BB}.Release|iPhone.Build.0 = Release|iPhone
		{C490FBBA-7860-4F3F-AA3B-105A36C027BB}.Release|iPhoneSimulator.ActiveCfg = Release|iPhoneSimulator
		{C490FBBA-7860-4F3F-AA3B-105A36C027BB}.Release|iPhoneSimulator.Build.0 = Release|iPhoneSimulator
		{C490FBBA-7860-4F3F-AA3B-105A36C027BB}.Release|x86.ActiveCfg = Release|iPhoneSimulator
		{C490FBBA-7860-4F3F-AA3B-105A36C027BB}.Release|x86.Build.0 = Release|iPhoneSimulator
		{D7DF448D-8242-4389-A99A-D35C17849D52}.Ad-Hoc|iPhone.ActiveCfg = Debug|Any CPU
		{D7DF448D-8242-4389-A99A-D35C17849D52}.Ad-Hoc|iPhone.Build.0 = Debug|Any CPU
		{D7DF448D-8242-4389-A99A-D35C17849D52}.AppStore|iPhone.ActiveCfg = Debug|Any CPU
		{D7DF448D-8242-4389-A99A-D35C17849D52}.AppStore|iPhone.Build.0 = Debug|Any CPU
		{D7DF448D-8242-4389-A99A-D35C17849D52}.Debug|iPhone.ActiveCfg = Debug|Any CPU
		{D7DF448D-8242-4389-A99A-D35C17849D52}.Debug|iPhone.Build.0 = Debug|Any CPU
		{D7DF448D-8242-4389-A99A-D35C17849D52}.Debug|iPhoneSimulator.ActiveCfg = Debug|Any CPU
		{D7DF448D-8242-4389-A99A-D35C17849D52}.Debug|iPhoneSimulator.Build.0 = Debug|Any CPU
		{D7DF448D-8242-4389-A99A-D35C17849D52}.Debug|x86.ActiveCfg = Debug|Any CPU
		{D7DF448D-8242-4389-A99A-D35C17849D52}.Debug|x86.Build.0 = Debug|Any CPU
		{D7DF448D-8242-4389-A99A-D35C17849D52}.Release|iPhone.ActiveCfg = Release|Any CPU
		{D7DF448D-8242-4389-A99A-D35C17849D52}.Release|iPhone.Build.0 = Release|Any CPU
		{D7DF448D-8242-4389-A99A-D35C17849D52}.Release|iPhoneSimulator.ActiveCfg = Release|Any CPU
		{D7DF448D-8242-4389-A99A-D35C17849D52}.Release|iPhoneSimulator.Build.0 = Release|Any CPU
		{D7DF448D-8242-4389-A99A-D35C17849D52}.Release|x86.ActiveCfg = Release|Any CPU
		{D7DF448D-8242-4389-A99A-D35C17849D52}.Release|x86.Build.0 = Release|Any CPU
		{DEB26AD7-79F3-4F78-B7E9-B264EBABDC6E}.Ad-Hoc|iPhone.ActiveCfg = Debug|Any CPU
		{DEB26AD7-79F3-4F78-B7E9-B264EBABDC6E}.Ad-Hoc|iPhone.Build.0 = Debug|Any CPU
		{DEB26AD7-79F3-4F78-B7E9-B264EBABDC6E}.AppStore|iPhone.ActiveCfg = Debug|Any CPU
		{DEB26AD7-79F3-4F78-B7E9-B264EBABDC6E}.AppStore|iPhone.Build.0 = Debug|Any CPU
		{DEB26AD7-79F3-4F78-B7E9-B264EBABDC6E}.Debug|iPhone.ActiveCfg = Debug|Any CPU
		{DEB26AD7-79F3-4F78-B7E9-B264EBABDC6E}.Debug|iPhone.Build.0 = Debug|Any CPU
		{DEB26AD7-79F3-4F78-B7E9-B264EBABDC6E}.Debug|iPhoneSimulator.ActiveCfg = Debug|Any CPU
		{DEB26AD7-79F3-4F78-B7E9-B264EBABDC6E}.Debug|iPhoneSimulator.Build.0 = Debug|Any CPU
		{DEB26AD7-79F3-4F78-B7E9-B264EBABDC6E}.Debug|x86.ActiveCfg = Debug|Any CPU
		{DEB26AD7-79F3-4F78-B7E9-B264EBABDC6E}.Debug|x86.Build.0 = Debug|Any CPU
		{DEB26AD7-79F3-4F78-B7E9-B264EBABDC6E}.Release|iPhone.ActiveCfg = Release|Any CPU
		{DEB26AD7-79F3-4F78-B7E9-B264EBABDC6E}.Release|iPhone.Build.0 = Release|Any CPU
		{DEB26AD7-79F3-4F78-B7E9-B264EBABDC6E}.Release|iPhoneSimulator.ActiveCfg = Release|Any CPU
		{DEB26AD7-79F3-4F78-B7E9-B264EBABDC6E}.Release|iPhoneSimulator.Build.0 = Release|Any CPU
		{DEB26AD7-79F3-4F78-B7E9-B264EBABDC6E}.Release|x86.ActiveCfg = Release|Any CPU
		{DEB26AD7-79F3-4F78-B7E9-B264EBABDC6E}.Release|x86.Build.0 = Release|Any CPU
		{E117C3C9-C88D-4477-8DCB-D91DB6A02904}.Ad-Hoc|iPhone.ActiveCfg = Debug|Any CPU
		{E117C3C9-C88D-4477-8DCB-D91DB6A02904}.Ad-Hoc|iPhone.Build.0 = Debug|Any CPU
		{E117C3C9-C88D-4477-8DCB-D91DB6A02904}.AppStore|iPhone.ActiveCfg = Debug|Any CPU
		{E117C3C9-C88D-4477-8DCB-D91DB6A02904}.AppStore|iPhone.Build.0 = Debug|Any CPU
		{E117C3C9-C88D-4477-8DCB-D91DB6A02904}.Debug|iPhone.ActiveCfg = Debug|Any CPU
		{E117C3C9-C88D-4477-8DCB-D91DB6A02904}.Debug|iPhone.Build.0 = Debug|Any CPU
		{E117C3C9-C88D-4477-8DCB-D91DB6A02904}.Debug|iPhoneSimulator.ActiveCfg = Debug|Any CPU
		{E117C3C9-C88D-4477-8DCB-D91DB6A02904}.Debug|iPhoneSimulator.Build.0 = Debug|Any CPU
		{E117C3C9-C88D-4477-8DCB-D91DB6A02904}.Debug|x86.ActiveCfg = Debug|Any CPU
		{E117C3C9-C88D-4477-8DCB-D91DB6A02904}.Debug|x86.Build.0 = Debug|Any CPU
		{E117C3C9-C88D-4477-8DCB-D91DB6A02904}.Release|iPhone.ActiveCfg = Release|Any CPU
		{E117C3C9-C88D-4477-8DCB-D91DB6A02904}.Release|iPhone.Build.0 = Release|Any CPU
		{E117C3C9-C88D-4477-8DCB-D91DB6A02904}.Release|iPhoneSimulator.ActiveCfg = Release|Any CPU
		{E117C3C9-C88D-4477-8DCB-D91DB6A02904}.Release|iPhoneSimulator.Build.0 = Release|Any CPU
		{E117C3C9-C88D-4477-8DCB-D91DB6A02904}.Release|x86.ActiveCfg = Release|Any CPU
		{E117C3C9-C88D-4477-8DCB-D91DB6A02904}.Release|x86.Build.0 = Release|Any CPU
	EndGlobalSection
	GlobalSection(NestedProjects) = preSolution
		{48F8AA30-78AD-4B12-93D5-5DCC3185638E} = {32C78561-51A4-471C-8D23-404A0DBCFE49}
		{DEB26AD7-79F3-4F78-B7E9-B264EBABDC6E} = {32C78561-51A4-471C-8D23-404A0DBCFE49}
		{49D2DE2B-2C03-4E07-AA52-4DAE7A643D4B} = {32C78561-51A4-471C-8D23-404A0DBCFE49}
		{C490FBBA-7860-4F3F-AA3B-105A36C027BB} = {32C78561-51A4-471C-8D23-404A0DBCFE49}
		{003ADA92-2890-435F-9858-A6AC6B19AC3E} = {32C78561-51A4-471C-8D23-404A0DBCFE49}
		{5204F759-0ADA-4468-82BE-BBB2D32C8030} = {32C78561-51A4-471C-8D23-404A0DBCFE49}
		{01212D8B-476C-42A5-A283-90691FDF7943} = {C825AF70-DA33-4128-A8AB-E80D5B2A7B17}
		{D7DF448D-8242-4389-A99A-D35C17849D52} = {C825AF70-DA33-4128-A8AB-E80D5B2A7B17}
		{B73021AD-BF8A-4370-AA56-D514805ED165} = {76DFE901-A1C6-43FA-B1C6-82631DE6BC47}
		{AAF8E062-DD79-40D4-86E2-A3D1D522BAB3} = {76DFE901-A1C6-43FA-B1C6-82631DE6BC47}
		{E117C3C9-C88D-4477-8DCB-D91DB6A02904} = {76DFE901-A1C6-43FA-B1C6-82631DE6BC47}
		{5F8AF602-6D82-4B7D-BFDE-212B88902A20} = {76DFE901-A1C6-43FA-B1C6-82631DE6BC47}
	EndGlobalSection
EndGlobal
